# THIS IS AN AUTOGENERATED FILE. DO NOT EDIT THIS FILE DIRECTLY.
# yarn lockfile v1


uikit@^3.15.3:
  version "3.15.3"
  resolved "https://registry.yarnpkg.com/uikit/-/uikit-3.15.3.tgz#d470646f9d280e420444cc3c1b71b640ec825b0b"
  integrity sha512-G4sgBuk+qf3hhsaStT9A+bt5NLg1vApdOCS8/FiiSCH4AZS7WRaXVl35EzcBL7UXN6a8Gsb/D3b6K86fjx0xKw==
